
Microsoft Visual Studio Solution File, Format Version 12.00
# Visual Studio Version 17
VisualStudioVersion = 17.7.34202.233
MinimumVisualStudioVersion = 10.0.40219.1
Project("{FAE04EC0-301F-11D3-BF4B-00C04F79EFBC}") = "BikeServiceManagement", "BikeServiceManagement.csproj", "{A5977CEA-EAE1-4B2E-B1C3-0215C3A01074}"
EndProject
Global
	GlobalSection(SolutionConfigurationPlatforms) = preSolution
		Debug|Any CPU = Debug|Any CPU
		Release|Any CPU = Release|Any CPU
	EndGlobalSection
	GlobalSection(ProjectConfigurationPlatforms) = postSolution
		{A5977CEA-EAE1-4B2E-B1C3-0215C3A01074}.Debug|Any CPU.ActiveCfg = Debug|Any CPU
		{A5977CEA-EAE1-4B2E-B1C3-0215C3A01074}.Debug|Any CPU.Build.0 = Debug|Any CPU
		{A5977CEA-EAE1-4B2E-B1C3-0215C3A01074}.Release|Any CPU.ActiveCfg = Release|Any CPU
		{A5977CEA-EAE1-4B2E-B1C3-0215C3A01074}.Release|Any CPU.Build.0 = Release|Any CPU
	EndGlobalSection
	GlobalSection(SolutionProperties) = preSolution
		HideSolutionNode = FALSE
	EndGlobalSection
	GlobalSection(ExtensibilityGlobals) = postSolution
		SolutionGuid = {F029F0C8-5A53-48A6-898C-CE00B84DC96E}
	EndGlobalSection
EndGlobal
